
Microsoft Visual Studio Solution File, Format Version 12.00
# Visual Studio Version 17
VisualStudioVersion = 17.5.33424.131
MinimumVisualStudioVersion = 10.0.40219.1
Project("{FAE04EC0-301F-11D3-BF4B-00C04F79EFBC}") = "demo01B", "demo01B\demo01B.csproj", "{DBDF62EC-DD47-4221-B17C-008F1B421AB2}"
EndProject
Global
	GlobalSection(SolutionConfigurationPlatforms) = preSolution
		Debug|Any CPU = Debug|Any CPU
		Release|Any CPU = Release|Any CPU
	EndGlobalSection
	GlobalSection(ProjectConfigurationPlatforms) = postSolution
		{DBDF62EC-DD47-4221-B17C-008F1B421AB2}.Debug|Any CPU.ActiveCfg = Debug|Any CPU
		{DBDF62EC-DD47-4221-B17C-008F1B421AB2}.Debug|Any CPU.Build.0 = Debug|Any CPU
		{DBDF62EC-DD47-4221-B17C-008F1B421AB2}.Release|Any CPU.ActiveCfg = Release|Any CPU
		{DBDF62EC-DD47-4221-B17C-008F1B421AB2}.Release|Any CPU.Build.0 = Release|Any CPU
	EndGlobalSection
	GlobalSection(SolutionProperties) = preSolution
		HideSolutionNode = FALSE
	EndGlobalSection
	GlobalSection(ExtensibilityGlobals) = postSolution
		SolutionGuid = {B0A6790E-606D-4BAF-8E2E-10A860E91BC9}
	EndGlobalSection
EndGlobal
